// !$*UTF8*$!
{
	archiveVersion = 1;
	classes = {
	};
	objectVersion = 46;
	objects = {

/* Begin PBXBuildFile section */
		8102A7B21AB4F42F00B39473 /* System-Map-icon.png in Resources */ = {isa = PBXBuildFile; fileRef = 8102A7B11AB4F42F00B39473 /* System-Map-icon.png */; };
		8102A7B51AB4F58E00B39473 /* TransitMapView.m in Sources */ = {isa = PBXBuildFile; fileRef = 8102A7B41AB4F58E00B39473 /* TransitMapView.m */; };
		810F75201AB3AF980092D66E /* RouteDetailsView.m in Sources */ = {isa = PBXBuildFile; fileRef = 810F751F1AB3AF980092D66E /* RouteDetailsView.m */; };
		8160CE7E1AB3863B00303586 /* RouteModel.m in Sources */ = {isa = PBXBuildFile; fileRef = 8160CE7D1AB3863B00303586 /* RouteModel.m */; };
		8160CE811AB3865D00303586 /* StopModel.m in Sources */ = {isa = PBXBuildFile; fileRef = 8160CE801AB3865D00303586 /* StopModel.m */; };
		8160CE841AB3867700303586 /* DeparturesModel.m in Sources */ = {isa = PBXBuildFile; fileRef = 8160CE831AB3867700303586 /* DeparturesModel.m */; };
		81A24A241AB26BCB00C0A763 /* RoutesHTTPSessionManager.m in Sources */ = {isa = PBXBuildFile; fileRef = 81A24A231AB26BCB00C0A763 /* RoutesHTTPSessionManager.m */; };
		81B48CBD1AB689F300A93CC3 /* MapKit.framework in Frameworks */ = {isa = PBXBuildFile; fileRef = 81B48CBC1AB689F300A93CC3 /* MapKit.framework */; };
		81B99B451AB4A23A00AC3021 /* TransitData.m in Sources */ = {isa = PBXBuildFile; fileRef = 81B99B441AB4A23A00AC3021 /* TransitData.m */; };
		D233D07A16B400EF005212DE /* InfoPlist.strings in Resources */ = {isa = PBXBuildFile; fileRef = D233D07816B400EF005212DE /* InfoPlist.strings */; };
		D233D07C16B400EF005212DE /* main.m in Sources */ = {isa = PBXBuildFile; fileRef = D233D07B16B400EF005212DE /* main.m */; };
		D233D08016B400EF005212DE /* WTAppDelegate.m in Sources */ = {isa = PBXBuildFile; fileRef = D233D07F16B400EF005212DE /* WTAppDelegate.m */; };
		D233D08916B400EF005212DE /* MainStoryboard.storyboard in Resources */ = {isa = PBXBuildFile; fileRef = D233D08716B400EF005212DE /* MainStoryboard.storyboard */; };
		D233D09416B4011B005212DE /* RoutesTableViewController.m in Sources */ = {isa = PBXBuildFile; fileRef = D233D09316B4011B005212DE /* RoutesTableViewController.m */; };
		DA57EEEDAB614DAA60B0039D /* libPods.a in Frameworks */ = {isa = PBXBuildFile; fileRef = 95DCD576150067925E556EA5 /* libPods.a */; };
		F957DCDE185F27ED008DCB3B /* Images.xcassets in Resources */ = {isa = PBXBuildFile; fileRef = F957DCDD185F27ED008DCB3B /* Images.xcassets */; };
		F957DCE2185F35B8008DCB3B /* Foundation.framework in Frameworks */ = {isa = PBXBuildFile; fileRef = F957DCE0185F35B8008DCB3B /* Foundation.framework */; };
		F957DCE4185F35C7008DCB3B /* CoreGraphics.framework in Frameworks */ = {isa = PBXBuildFile; fileRef = F957DCE3185F35C7008DCB3B /* CoreGraphics.framework */; };
		F957DCE6185F35CC008DCB3B /* CoreLocation.framework in Frameworks */ = {isa = PBXBuildFile; fileRef = F957DCE5185F35CC008DCB3B /* CoreLocation.framework */; };
		F957DCE8185F35D8008DCB3B /* MobileCoreServices.framework in Frameworks */ = {isa = PBXBuildFile; fileRef = F957DCE7185F35D8008DCB3B /* MobileCoreServices.framework */; };
		F957DCEA185F35E0008DCB3B /* SystemConfiguration.framework in Frameworks */ = {isa = PBXBuildFile; fileRef = F957DCE9185F35E0008DCB3B /* SystemConfiguration.framework */; };
		F957DCEC185F35E6008DCB3B /* UIKit.framework in Frameworks */ = {isa = PBXBuildFile; fileRef = F957DCEB185F35E6008DCB3B /* UIKit.framework */; };
		F957DD28185F3E90008DCB3B /* Security.framework in Frameworks */ = {isa = PBXBuildFile; fileRef = F957DD27185F3E90008DCB3B /* Security.framework */; };
/* End PBXBuildFile section */

/* Begin PBXFileReference section */
		8102A7B11AB4F42F00B39473 /* System-Map-icon.png */ = {isa = PBXFileReference; lastKnownFileType = image.png; path = "System-Map-icon.png"; sourceTree = "<group>"; };
		8102A7B31AB4F58E00B39473 /* TransitMapView.h */ = {isa = PBXFileReference; fileEncoding = 4; lastKnownFileType = sourcecode.c.h; path = TransitMapView.h; sourceTree = "<group>"; };
		8102A7B41AB4F58E00B39473 /* TransitMapView.m */ = {isa = PBXFileReference; fileEncoding = 4; lastKnownFileType = sourcecode.c.objc; path = TransitMapView.m; sourceTree = "<group>"; };
		810F751E1AB3AF980092D66E /* RouteDetailsView.h */ = {isa = PBXFileReference; fileEncoding = 4; lastKnownFileType = sourcecode.c.h; path = RouteDetailsView.h; sourceTree = "<group>"; };
		810F751F1AB3AF980092D66E /* RouteDetailsView.m */ = {isa = PBXFileReference; fileEncoding = 4; lastKnownFileType = sourcecode.c.objc; path = RouteDetailsView.m; sourceTree = "<group>"; };
		8160CE7C1AB3863B00303586 /* RouteModel.h */ = {isa = PBXFileReference; fileEncoding = 4; lastKnownFileType = sourcecode.c.h; path = RouteModel.h; sourceTree = "<group>"; };
		8160CE7D1AB3863B00303586 /* RouteModel.m */ = {isa = PBXFileReference; fileEncoding = 4; lastKnownFileType = sourcecode.c.objc; path = RouteModel.m; sourceTree = "<group>"; };
		8160CE7F1AB3865D00303586 /* StopModel.h */ = {isa = PBXFileReference; fileEncoding = 4; lastKnownFileType = sourcecode.c.h; path = StopModel.h; sourceTree = "<group>"; };
		8160CE801AB3865D00303586 /* StopModel.m */ = {isa = PBXFileReference; fileEncoding = 4; lastKnownFileType = sourcecode.c.objc; path = StopModel.m; sourceTree = "<group>"; };
		8160CE821AB3867700303586 /* DeparturesModel.h */ = {isa = PBXFileReference; fileEncoding = 4; lastKnownFileType = sourcecode.c.h; path = DeparturesModel.h; sourceTree = "<group>"; };
		8160CE831AB3867700303586 /* DeparturesModel.m */ = {isa = PBXFileReference; fileEncoding = 4; lastKnownFileType = sourcecode.c.objc; path = DeparturesModel.m; sourceTree = "<group>"; };
		81A24A231AB26BCB00C0A763 /* RoutesHTTPSessionManager.m */ = {isa = PBXFileReference; fileEncoding = 4; lastKnownFileType = sourcecode.c.objc; path = RoutesHTTPSessionManager.m; sourceTree = "<group>"; };
		81A24A251AB26BFC00C0A763 /* RoutesHTTPSessionManager.h */ = {isa = PBXFileReference; fileEncoding = 4; lastKnownFileType = sourcecode.c.h; path = RoutesHTTPSessionManager.h; sourceTree = "<group>"; };
		81B48CBC1AB689F300A93CC3 /* MapKit.framework */ = {isa = PBXFileReference; lastKnownFileType = wrapper.framework; name = MapKit.framework; path = System/Library/Frameworks/MapKit.framework; sourceTree = SDKROOT; };
		81B99B431AB4A23A00AC3021 /* TransitData.h */ = {isa = PBXFileReference; fileEncoding = 4; lastKnownFileType = sourcecode.c.h; path = TransitData.h; sourceTree = "<group>"; };
		81B99B441AB4A23A00AC3021 /* TransitData.m */ = {isa = PBXFileReference; fileEncoding = 4; lastKnownFileType = sourcecode.c.objc; path = TransitData.m; sourceTree = "<group>"; };
		95DCD576150067925E556EA5 /* libPods.a */ = {isa = PBXFileReference; explicitFileType = archive.ar; includeInIndex = 0; path = libPods.a; sourceTree = BUILT_PRODUCTS_DIR; };
		D233D06B16B400EF005212DE /* Transit.app */ = {isa = PBXFileReference; explicitFileType = wrapper.application; includeInIndex = 0; path = Transit.app; sourceTree = BUILT_PRODUCTS_DIR; };
		D233D07716B400EF005212DE /* Transit-Info.plist */ = {isa = PBXFileReference; lastKnownFileType = text.plist.xml; path = "Transit-Info.plist"; sourceTree = "<group>"; };
		D233D07916B400EF005212DE /* en */ = {isa = PBXFileReference; lastKnownFileType = text.plist.strings; name = en; path = en.lproj/InfoPlist.strings; sourceTree = "<group>"; };
		D233D07B16B400EF005212DE /* main.m */ = {isa = PBXFileReference; lastKnownFileType = sourcecode.c.objc; path = main.m; sourceTree = "<group>"; };
		D233D07D16B400EF005212DE /* Transit-Prefix.pch */ = {isa = PBXFileReference; lastKnownFileType = sourcecode.c.h; path = "Transit-Prefix.pch"; sourceTree = "<group>"; };
		D233D07E16B400EF005212DE /* WTAppDelegate.h */ = {isa = PBXFileReference; lastKnownFileType = sourcecode.c.h; path = WTAppDelegate.h; sourceTree = "<group>"; };
		D233D07F16B400EF005212DE /* WTAppDelegate.m */ = {isa = PBXFileReference; lastKnownFileType = sourcecode.c.objc; path = WTAppDelegate.m; sourceTree = "<group>"; };
		D233D08816B400EF005212DE /* en */ = {isa = PBXFileReference; lastKnownFileType = file.storyboard; name = en; path = en.lproj/MainStoryboard.storyboard; sourceTree = "<group>"; };
		D233D09216B4011B005212DE /* RoutesTableViewController.h */ = {isa = PBXFileReference; fileEncoding = 4; lastKnownFileType = sourcecode.c.h; path = RoutesTableViewController.h; sourceTree = "<group>"; };
		D233D09316B4011B005212DE /* RoutesTableViewController.m */ = {isa = PBXFileReference; fileEncoding = 4; lastKnownFileType = sourcecode.c.objc; path = RoutesTableViewController.m; sourceTree = "<group>"; };
		E47962F93A41C306E106DEC7 /* Pods.release.xcconfig */ = {isa = PBXFileReference; includeInIndex = 1; lastKnownFileType = text.xcconfig; name = Pods.release.xcconfig; path = "Pods/Target Support Files/Pods/Pods.release.xcconfig"; sourceTree = "<group>"; };
		F78887949979E6F10EB78900 /* Pods.debug.xcconfig */ = {isa = PBXFileReference; includeInIndex = 1; lastKnownFileType = text.xcconfig; name = Pods.debug.xcconfig; path = "Pods/Target Support Files/Pods/Pods.debug.xcconfig"; sourceTree = "<group>"; };
		F957DCDD185F27ED008DCB3B /* Images.xcassets */ = {isa = PBXFileReference; lastKnownFileType = folder.assetcatalog; path = Images.xcassets; sourceTree = "<group>"; };
		F957DCE0185F35B8008DCB3B /* Foundation.framework */ = {isa = PBXFileReference; lastKnownFileType = wrapper.framework; name = Foundation.framework; path = System/Library/Frameworks/Foundation.framework; sourceTree = SDKROOT; };
		F957DCE3185F35C7008DCB3B /* CoreGraphics.framework */ = {isa = PBXFileReference; lastKnownFileType = wrapper.framework; name = CoreGraphics.framework; path = System/Library/Frameworks/CoreGraphics.framework; sourceTree = SDKROOT; };
		F957DCE5185F35CC008DCB3B /* CoreLocation.framework */ = {isa = PBXFileReference; lastKnownFileType = wrapper.framework; name = CoreLocation.framework; path = System/Library/Frameworks/CoreLocation.framework; sourceTree = SDKROOT; };
		F957DCE7185F35D8008DCB3B /* MobileCoreServices.framework */ = {isa = PBXFileReference; lastKnownFileType = wrapper.framework; name = MobileCoreServices.framework; path = System/Library/Frameworks/MobileCoreServices.framework; sourceTree = SDKROOT; };
		F957DCE9185F35E0008DCB3B /* SystemConfiguration.framework */ = {isa = PBXFileReference; lastKnownFileType = wrapper.framework; name = SystemConfiguration.framework; path = System/Library/Frameworks/SystemConfiguration.framework; sourceTree = SDKROOT; };
		F957DCEB185F35E6008DCB3B /* UIKit.framework */ = {isa = PBXFileReference; lastKnownFileType = wrapper.framework; name = UIKit.framework; path = System/Library/Frameworks/UIKit.framework; sourceTree = SDKROOT; };
		F957DD27185F3E90008DCB3B /* Security.framework */ = {isa = PBXFileReference; lastKnownFileType = wrapper.framework; name = Security.framework; path = System/Library/Frameworks/Security.framework; sourceTree = SDKROOT; };
/* End PBXFileReference section */

/* Begin PBXFrameworksBuildPhase section */
		D233D06816B400EF005212DE /* Frameworks */ = {
			isa = PBXFrameworksBuildPhase;
			buildActionMask = 2147483647;
			files = (
				81B48CBD1AB689F300A93CC3 /* MapKit.framework in Frameworks */,
				F957DCE4185F35C7008DCB3B /* CoreGraphics.framework in Frameworks */,
				F957DCE6185F35CC008DCB3B /* CoreLocation.framework in Frameworks */,
				F957DCE2185F35B8008DCB3B /* Foundation.framework in Frameworks */,
				F957DCE8185F35D8008DCB3B /* MobileCoreServices.framework in Frameworks */,
				F957DD28185F3E90008DCB3B /* Security.framework in Frameworks */,
				F957DCEA185F35E0008DCB3B /* SystemConfiguration.framework in Frameworks */,
				F957DCEC185F35E6008DCB3B /* UIKit.framework in Frameworks */,
				DA57EEEDAB614DAA60B0039D /* libPods.a in Frameworks */,
			);
			runOnlyForDeploymentPostprocessing = 0;
		};
/* End PBXFrameworksBuildPhase section */

/* Begin PBXGroup section */
		255857A4982551BDBCBACCA1 /* Pods */ = {
			isa = PBXGroup;
			children = (
				F78887949979E6F10EB78900 /* Pods.debug.xcconfig */,
				E47962F93A41C306E106DEC7 /* Pods.release.xcconfig */,
			);
			name = Pods;
			sourceTree = "<group>";
		};
		8102A7AE1AB4F31A00B39473 /* Images */ = {
			isa = PBXGroup;
			children = (
				8102A7B11AB4F42F00B39473 /* System-Map-icon.png */,
			);
			name = Images;
			path = Weather/Images;
			sourceTree = "<group>";
		};
		81A24A4A1AB2726500C0A763 /* DataModel */ = {
			isa = PBXGroup;
			children = (
				8160CE7C1AB3863B00303586 /* RouteModel.h */,
				8160CE7D1AB3863B00303586 /* RouteModel.m */,
				8160CE7F1AB3865D00303586 /* StopModel.h */,
				8160CE801AB3865D00303586 /* StopModel.m */,
				8160CE821AB3867700303586 /* DeparturesModel.h */,
				8160CE831AB3867700303586 /* DeparturesModel.m */,
			);
			name = DataModel;
			sourceTree = "<group>";
		};
		D233D06016B400EF005212DE = {
			isa = PBXGroup;
			children = (
				8102A7AE1AB4F31A00B39473 /* Images */,
				D233D07516B400EF005212DE /* Routes */,
				D233D06E16B400EF005212DE /* Frameworks */,
				D233D06C16B400EF005212DE /* Products */,
				255857A4982551BDBCBACCA1 /* Pods */,
			);
			sourceTree = "<group>";
		};
		D233D06C16B400EF005212DE /* Products */ = {
			isa = PBXGroup;
			children = (
				D233D06B16B400EF005212DE /* Transit.app */,
			);
			name = Products;
			sourceTree = "<group>";
		};
		D233D06E16B400EF005212DE /* Frameworks */ = {
			isa = PBXGroup;
			children = (
				81B48CBC1AB689F300A93CC3 /* MapKit.framework */,
				F957DCE3185F35C7008DCB3B /* CoreGraphics.framework */,
				F957DCE5185F35CC008DCB3B /* CoreLocation.framework */,
				F957DCE0185F35B8008DCB3B /* Foundation.framework */,
				F957DCE7185F35D8008DCB3B /* MobileCoreServices.framework */,
				F957DD27185F3E90008DCB3B /* Security.framework */,
				F957DCE9185F35E0008DCB3B /* SystemConfiguration.framework */,
				F957DCEB185F35E6008DCB3B /* UIKit.framework */,
				95DCD576150067925E556EA5 /* libPods.a */,
			);
			name = Frameworks;
			sourceTree = "<group>";
		};
		D233D07516B400EF005212DE /* Routes */ = {
			isa = PBXGroup;
			children = (
				D233D07616B400EF005212DE /* Supporting Files */,
				81A24A4A1AB2726500C0A763 /* DataModel */,
				81A24A251AB26BFC00C0A763 /* RoutesHTTPSessionManager.h */,
				81A24A231AB26BCB00C0A763 /* RoutesHTTPSessionManager.m */,
				D233D08716B400EF005212DE /* MainStoryboard.storyboard */,
				D233D07E16B400EF005212DE /* WTAppDelegate.h */,
				D233D07F16B400EF005212DE /* WTAppDelegate.m */,
				D233D09216B4011B005212DE /* RoutesTableViewController.h */,
				D233D09316B4011B005212DE /* RoutesTableViewController.m */,
				810F751E1AB3AF980092D66E /* RouteDetailsView.h */,
				810F751F1AB3AF980092D66E /* RouteDetailsView.m */,
				81B99B431AB4A23A00AC3021 /* TransitData.h */,
				81B99B441AB4A23A00AC3021 /* TransitData.m */,
				8102A7B31AB4F58E00B39473 /* TransitMapView.h */,
				8102A7B41AB4F58E00B39473 /* TransitMapView.m */,
			);
			name = Routes;
			path = Weather;
			sourceTree = "<group>";
		};
		D233D07616B400EF005212DE /* Supporting Files */ = {
			isa = PBXGroup;
			children = (
				F957DCDD185F27ED008DCB3B /* Images.xcassets */,
				D233D07716B400EF005212DE /* Transit-Info.plist */,
				D233D07816B400EF005212DE /* InfoPlist.strings */,
				D233D07B16B400EF005212DE /* main.m */,
				D233D07D16B400EF005212DE /* Transit-Prefix.pch */,
			);
			name = "Supporting Files";
			sourceTree = "<group>";
		};
/* End PBXGroup section */

/* Begin PBXNativeTarget section */
		D233D06A16B400EF005212DE /* Transit */ = {
			isa = PBXNativeTarget;
			buildConfigurationList = D233D08F16B400EF005212DE /* Build configuration list for PBXNativeTarget "Transit" */;
			buildPhases = (
				6FCEB3F9CC71B768F151D5F0 /* Check Pods Manifest.lock */,
				D233D06716B400EF005212DE /* Sources */,
				D233D06816B400EF005212DE /* Frameworks */,
				D233D06916B400EF005212DE /* Resources */,
				E36E95FF903C05BBD0020941 /* Copy Pods Resources */,
			);
			buildRules = (
			);
			dependencies = (
			);
			name = Transit;
			productName = Weather;
			productReference = D233D06B16B400EF005212DE /* Transit.app */;
			productType = "com.apple.product-type.application";
		};
/* End PBXNativeTarget section */

/* Begin PBXProject section */
		D233D06216B400EF005212DE /* Project object */ = {
			isa = PBXProject;
			attributes = {
				CLASSPREFIX = WT;
				LastUpgradeCheck = 0450;
				ORGANIZATIONNAME = FaunaFace;
			};
			buildConfigurationList = D233D06516B400EF005212DE /* Build configuration list for PBXProject "Transit" */;
			compatibilityVersion = "Xcode 3.2";
			developmentRegion = English;
			hasScannedForEncodings = 0;
			knownRegions = (
				en,
			);
			mainGroup = D233D06016B400EF005212DE;
			productRefGroup = D233D06C16B400EF005212DE /* Products */;
			projectDirPath = "";
			projectRoot = "";
			targets = (
				D233D06A16B400EF005212DE /* Transit */,
			);
		};
/* End PBXProject section */

/* Begin PBXResourcesBuildPhase section */
		D233D06916B400EF005212DE /* Resources */ = {
			isa = PBXResourcesBuildPhase;
			buildActionMask = 2147483647;
			files = (
				8102A7B21AB4F42F00B39473 /* System-Map-icon.png in Resources */,
				D233D07A16B400EF005212DE /* InfoPlist.strings in Resources */,
				D233D08916B400EF005212DE /* MainStoryboard.storyboard in Resources */,
				F957DCDE185F27ED008DCB3B /* Images.xcassets in Resources */,
			);
			runOnlyForDeploymentPostprocessing = 0;
		};
/* End PBXResourcesBuildPhase section */

/* Begin PBXShellScriptBuildPhase section */
		6FCEB3F9CC71B768F151D5F0 /* Check Pods Manifest.lock */ = {
			isa = PBXShellScriptBuildPhase;
			buildActionMask = 2147483647;
			files = (
			);
			inputPaths = (
			);
			name = "Check Pods Manifest.lock";
			outputPaths = (
			);
			runOnlyForDeploymentPostprocessing = 0;
			shellPath = /bin/sh;
			shellScript = "diff \"${PODS_ROOT}/../Podfile.lock\" \"${PODS_ROOT}/Manifest.lock\" > /dev/null\nif [[ $? != 0 ]] ; then\n    cat << EOM\nerror: The sandbox is not in sync with the Podfile.lock. Run 'pod install' or update your CocoaPods installation.\nEOM\n    exit 1\nfi\n";
			showEnvVarsInLog = 0;
		};
		E36E95FF903C05BBD0020941 /* Copy Pods Resources */ = {
			isa = PBXShellScriptBuildPhase;
			buildActionMask = 2147483647;
			files = (
			);
			inputPaths = (
			);
			name = "Copy Pods Resources";
			outputPaths = (
			);
			runOnlyForDeploymentPostprocessing = 0;
			shellPath = /bin/sh;
			shellScript = "\"${SRCROOT}/Pods/Target Support Files/Pods/Pods-resources.sh\"\n";
			showEnvVarsInLog = 0;
		};
/* End PBXShellScriptBuildPhase section */

/* Begin PBXSourcesBuildPhase section */
		D233D06716B400EF005212DE /* Sources */ = {
			isa = PBXSourcesBuildPhase;
			buildActionMask = 2147483647;
			files = (
				810F75201AB3AF980092D66E /* RouteDetailsView.m in Sources */,
				D233D07C16B400EF005212DE /* main.m in Sources */,
				8102A7B51AB4F58E00B39473 /* TransitMapView.m in Sources */,
				D233D08016B400EF005212DE /* WTAppDelegate.m in Sources */,
				D233D09416B4011B005212DE /* RoutesTableViewController.m in Sources */,
				81B99B451AB4A23A00AC3021 /* TransitData.m in Sources */,
				8160CE7E1AB3863B00303586 /* RouteModel.m in Sources */,
				8160CE811AB3865D00303586 /* StopModel.m in Sources */,
				81A24A241AB26BCB00C0A763 /* RoutesHTTPSessionManager.m in Sources */,
				8160CE841AB3867700303586 /* DeparturesModel.m in Sources */,
			);
			runOnlyForDeploymentPostprocessing = 0;
		};
/* End PBXSourcesBuildPhase section */

/* Begin PBXVariantGroup section */
		D233D07816B400EF005212DE /* InfoPlist.strings */ = {
			isa = PBXVariantGroup;
			children = (
				D233D07916B400EF005212DE /* en */,
			);
			name = InfoPlist.strings;
			sourceTree = "<group>";
		};
		D233D08716B400EF005212DE /* MainStoryboard.storyboard */ = {
			isa = PBXVariantGroup;
			children = (
				D233D08816B400EF005212DE /* en */,
			);
			name = MainStoryboard.storyboard;
			sourceTree = "<group>";
		};
/* End PBXVariantGroup section */

/* Begin XCBuildConfiguration section */
		D233D08D16B400EF005212DE /* Debug */ = {
			isa = XCBuildConfiguration;
			buildSettings = {
				ALWAYS_SEARCH_USER_PATHS = NO;
				CLANG_CXX_LANGUAGE_STANDARD = "gnu++0x";
				CLANG_CXX_LIBRARY = "libc++";
				CLANG_ENABLE_OBJC_ARC = YES;
				CLANG_WARN_EMPTY_BODY = YES;
				CLANG_WARN__DUPLICATE_METHOD_MATCH = YES;
				"CODE_SIGN_IDENTITY[sdk=iphoneos*]" = "iPhone Developer";
				COPY_PHASE_STRIP = NO;
				GCC_C_LANGUAGE_STANDARD = gnu99;
				GCC_DYNAMIC_NO_PIC = NO;
				GCC_OPTIMIZATION_LEVEL = 0;
				GCC_PREPROCESSOR_DEFINITIONS = (
					"DEBUG=1",
					"$(inherited)",
				);
				GCC_SYMBOLS_PRIVATE_EXTERN = NO;
				GCC_WARN_ABOUT_RETURN_TYPE = YES;
				GCC_WARN_UNINITIALIZED_AUTOS = YES;
				GCC_WARN_UNUSED_VARIABLE = YES;
				IPHONEOS_DEPLOYMENT_TARGET = 6.0;
				ONLY_ACTIVE_ARCH = YES;
				SDKROOT = iphoneos;
			};
			name = Debug;
		};
		D233D08E16B400EF005212DE /* Release */ = {
			isa = XCBuildConfiguration;
			buildSettings = {
				ALWAYS_SEARCH_USER_PATHS = NO;
				CLANG_CXX_LANGUAGE_STANDARD = "gnu++0x";
				CLANG_CXX_LIBRARY = "libc++";
				CLANG_ENABLE_OBJC_ARC = YES;
				CLANG_WARN_EMPTY_BODY = YES;
				CLANG_WARN__DUPLICATE_METHOD_MATCH = YES;
				"CODE_SIGN_IDENTITY[sdk=iphoneos*]" = "iPhone Developer";
				COPY_PHASE_STRIP = YES;
				GCC_C_LANGUAGE_STANDARD = gnu99;
				GCC_WARN_ABOUT_RETURN_TYPE = YES;
				GCC_WARN_UNINITIALIZED_AUTOS = YES;
				GCC_WARN_UNUSED_VARIABLE = YES;
				IPHONEOS_DEPLOYMENT_TARGET = 6.0;
				OTHER_CFLAGS = "-DNS_BLOCK_ASSERTIONS=1";
				SDKROOT = iphoneos;
				VALIDATE_PRODUCT = YES;
			};
			name = Release;
		};
		D233D09016B400EF005212DE /* Debug */ = {
			isa = XCBuildConfiguration;
			baseConfigurationReference = F78887949979E6F10EB78900 /* Pods.debug.xcconfig */;
			buildSettings = {
				ASSETCATALOG_COMPILER_APPICON_NAME = AppIcon;
				ASSETCATALOG_COMPILER_LAUNCHIMAGE_NAME = LaunchImage;
				CLANG_ENABLE_MODULES = NO;
				GCC_PRECOMPILE_PREFIX_HEADER = YES;
				GCC_PREFIX_HEADER = "Weather/Transit-Prefix.pch";
				INFOPLIST_FILE = "Weather/Transit-Info.plist";
				IPHONEOS_DEPLOYMENT_TARGET = 7.0;
				PRODUCT_NAME = Transit;
				WRAPPER_EXTENSION = app;
			};
			name = Debug;
		};
		D233D09116B400EF005212DE /* Release */ = {
			isa = XCBuildConfiguration;
			baseConfigurationReference = E47962F93A41C306E106DEC7 /* Pods.release.xcconfig */;
			buildSettings = {
				ASSETCATALOG_COMPILER_APPICON_NAME = AppIcon;
				ASSETCATALOG_COMPILER_LAUNCHIMAGE_NAME = LaunchImage;
				CLANG_ENABLE_MODULES = NO;
				GCC_PRECOMPILE_PREFIX_HEADER = YES;
				GCC_PREFIX_HEADER = "Weather/Transit-Prefix.pch";
				INFOPLIST_FILE = "Weather/Transit-Info.plist";
				IPHONEOS_DEPLOYMENT_TARGET = 7.0;
				PRODUCT_NAME = Transit;
				WRAPPER_EXTENSION = app;
			};
			name = Release;
		};
/* End XCBuildConfiguration section */

/* Begin XCConfigurationList section */
		D233D06516B400EF005212DE /* Build configuration list for PBXProject "Transit" */ = {
			isa = XCConfigurationList;
			buildConfigurations = (
				D233D08D16B400EF005212DE /* Debug */,
				D233D08E16B400EF005212DE /* Release */,
			);
			defaultConfigurationIsVisible = 0;
			defaultConfigurationName = Release;
		};
		D233D08F16B400EF005212DE /* Build configuration list for PBXNativeTarget "Transit" */ = {
			isa = XCConfigurationList;
			buildConfigurations = (
				D233D09016B400EF005212DE /* Debug */,
				D233D09116B400EF005212DE /* Release */,
			);
			defaultConfigurationIsVisible = 0;
			defaultConfigurationName = Release;
		};
/* End XCConfigurationList section */
	};
	rootObject = D233D06216B400EF005212DE /* Project object */;
}
